
Microsoft Visual Studio Solution File, Format Version 12.00
# Visual Studio Version 17
VisualStudioVersion = 17.8.34309.116
MinimumVisualStudioVersion = 10.0.40219.1
Project("{FAE04EC0-301F-11D3-BF4B-00C04F79EFBC}") = "AspNetMvcBlog", "AspNetMvcBlog\AspNetMvcBlog.csproj", "{64014120-7054-4557-96B2-BD9896DF8187}"
EndProject
Global
	GlobalSection(SolutionConfigurationPlatforms) = preSolution
		Debug|Any CPU = Debug|Any CPU
		Release|Any CPU = Release|Any CPU
	EndGlobalSection
	GlobalSection(ProjectConfigurationPlatforms) = postSolution
		{64014120-7054-4557-96B2-BD9896DF8187}.Debug|Any CPU.ActiveCfg = Debug|Any CPU
		{64014120-7054-4557-96B2-BD9896DF8187}.Debug|Any CPU.Build.0 = Debug|Any CPU
		{64014120-7054-4557-96B2-BD9896DF8187}.Release|Any CPU.ActiveCfg = Release|Any CPU
		{64014120-7054-4557-96B2-BD9896DF8187}.Release|Any CPU.Build.0 = Release|Any CPU
	EndGlobalSection
	GlobalSection(SolutionProperties) = preSolution
		HideSolutionNode = FALSE
	EndGlobalSection
	GlobalSection(ExtensibilityGlobals) = postSolution
		SolutionGuid = {EA24C898-F697-464D-90C8-09D4B7C3435C}
	EndGlobalSection
EndGlobal
